
Microsoft Visual Studio Solution File, Format Version 12.00
# Visual Studio Version 17
VisualStudioVersion = 17.14.36401.2
MinimumVisualStudioVersion = 10.0.40219.1
Project("{FAE04EC0-301F-11D3-BF4B-00C04F79EFBC}") = "Pure.RelationalSchema.Storage.PostgreSQL", "Pure.RelationalSchema.Storage.PostgreSQL\Pure.RelationalSchema.Storage.PostgreSQL.csproj", "{2AD44602-8A26-4FE2-A40A-400BDAEA4D2A}"
EndProject
Project("{2150E333-8FDC-42A3-9474-1A3956D46DE8}") = "Solution Items", "Solution Items", "{089100B1-113F-4E66-888A-E83F3999EAFD}"
	ProjectSection(SolutionItems) = preProject
		.editorconfig = .editorconfig
	EndProjectSection
EndProject
Project("{2150E333-8FDC-42A3-9474-1A3956D46DE8}") = "Tests", "Tests", "{0AB3BF05-4346-4AA6-1389-037BE0695223}"
EndProject
Project("{FAE04EC0-301F-11D3-BF4B-00C04F79EFBC}") = "Pure.RelationalSchema.Storage.PostgreSQL.Tests", "Tests\Pure.RelationalSchema.Storage.PostgreSQL.Tests\Pure.RelationalSchema.Storage.PostgreSQL.Tests.csproj", "{628E7EBB-F182-432C-B877-C3646800135F}"
EndProject
Global
	GlobalSection(SolutionConfigurationPlatforms) = preSolution
		Debug|Any CPU = Debug|Any CPU
		Release|Any CPU = Release|Any CPU
	EndGlobalSection
	GlobalSection(ProjectConfigurationPlatforms) = postSolution
		{2AD44602-8A26-4FE2-A40A-400BDAEA4D2A}.Debug|Any CPU.ActiveCfg = Debug|Any CPU
		{2AD44602-8A26-4FE2-A40A-400BDAEA4D2A}.Debug|Any CPU.Build.0 = Debug|Any CPU
		{2AD44602-8A26-4FE2-A40A-400BDAEA4D2A}.Release|Any CPU.ActiveCfg = Release|Any CPU
		{2AD44602-8A26-4FE2-A40A-400BDAEA4D2A}.Release|Any CPU.Build.0 = Release|Any CPU
		{628E7EBB-F182-432C-B877-C3646800135F}.Debug|Any CPU.ActiveCfg = Debug|Any CPU
		{628E7EBB-F182-432C-B877-C3646800135F}.Debug|Any CPU.Build.0 = Debug|Any CPU
		{628E7EBB-F182-432C-B877-C3646800135F}.Release|Any CPU.ActiveCfg = Release|Any CPU
		{628E7EBB-F182-432C-B877-C3646800135F}.Release|Any CPU.Build.0 = Release|Any CPU
	EndGlobalSection
	GlobalSection(SolutionProperties) = preSolution
		HideSolutionNode = FALSE
	EndGlobalSection
	GlobalSection(NestedProjects) = preSolution
		{628E7EBB-F182-432C-B877-C3646800135F} = {0AB3BF05-4346-4AA6-1389-037BE0695223}
	EndGlobalSection
	GlobalSection(ExtensibilityGlobals) = postSolution
		SolutionGuid = {C53053CB-6AC1-46A4-96F6-1CA4EF32EC1D}
	EndGlobalSection
EndGlobal
